# This file is automatically @generated by Cargo.
# It is not intended for manual editing.
version = 3

[[package]]
name = "adler"
version = "1.0.2"
source = "registry+https://github.com/rust-lang/crates.io-index"
checksum = "f26201604c87b1e01bd3d98f8d5d9a8fcbb815e8cedb41ffccbeb4bf593a35fe"

[[package]]
name = "ahash"
version = "0.7.6"
source = "registry+https://github.com/rust-lang/crates.io-index"
checksum = "fcb51a0695d8f838b1ee009b3fbf66bda078cd64590202a864a8f3e8c4315c47"
dependencies = [
 "getrandom",
 "once_cell",
 "version_check",
]

[[package]]
name = "aho-corasick"
version = "0.7.20"
source = "registry+https://github.com/rust-lang/crates.io-index"
checksum = "cc936419f96fa211c1b9166887b38e5e40b19958e5b895be7c1f93adec7071ac"
dependencies = [
 "memchr",
]

[[package]]
name = "atty"
version = "0.2.14"
source = "registry+https://github.com/rust-lang/crates.io-index"
checksum = "d9b39be18770d11421cdb1b9947a45dd3f37e93092cbf377614828a319d5fee8"
dependencies = [
 "hermit-abi 0.1.19",
 "libc",
 "winapi",
]

[[package]]
name = "autocfg"
version = "1.1.0"
source = "registry+https://github.com/rust-lang/crates.io-index"
checksum = "d468802bab17cbc0cc575e9b053f41e72aa36bfa6b7f55e3529ffa43161b97fa"

[[package]]
name = "bitflags"
version = "1.3.2"
source = "registry+https://github.com/rust-lang/crates.io-index"
checksum = "bef38d45163c2f1dde094a7dfd33ccf595c92905c8f8f4fdc18d06fb1037718a"

[[package]]
name = "block"
version = "0.1.6"
source = "registry+https://github.com/rust-lang/crates.io-index"
checksum = "0d8c1fef690941d3e7788d328517591fecc684c084084702d6ff1641e993699a"

[[package]]
name = "bstr"
version = "1.1.0"
source = "registry+https://github.com/rust-lang/crates.io-index"
checksum = "b45ea9b00a7b3f2988e9a65ad3917e62123c38dba709b666506207be96d1790b"
dependencies = [
 "memchr",
 "serde",
]

[[package]]
name = "byteorder"
version = "1.4.3"
source = "registry+https://github.com/rust-lang/crates.io-index"
checksum = "14c189c53d098945499cdfa7ecc63567cf3886b3332b312a5b4585d8d3a6a610"

[[package]]
name = "cassowary"
version = "0.3.0"
source = "registry+https://github.com/rust-lang/crates.io-index"
checksum = "df8670b8c7b9dae1793364eafadf7239c40d669904660c5960d74cfd80b46a53"

[[package]]
name = "cfg-if"
version = "1.0.0"
source = "registry+https://github.com/rust-lang/crates.io-index"
checksum = "baf1de4339761588bc0619e3cbc0120ee582ebb74b53b4efbf79117bd2da40fd"

[[package]]
name = "clipboard-win"
version = "3.1.1"
source = "registry+https://github.com/rust-lang/crates.io-index"
checksum = "9fdf5e01086b6be750428ba4a40619f847eb2e95756eee84b18e06e5f0b50342"
dependencies = [
 "lazy-bytes-cast",
 "winapi",
]

[[package]]
name = "colored"
version = "2.0.0"
source = "registry+https://github.com/rust-lang/crates.io-index"
checksum = "b3616f750b84d8f0de8a58bda93e08e2a81ad3f523089b05f1dffecab48c6cbd"
dependencies = [
 "atty",
 "lazy_static",
 "winapi",
]

[[package]]
name = "colorsys"
version = "0.6.7"
source = "registry+https://github.com/rust-lang/crates.io-index"
checksum = "54261aba646433cb567ec89844be4c4825ca92a4f8afba52fc4dd88436e31bbd"

[[package]]
name = "copypasta"
version = "0.8.2"
source = "registry+https://github.com/rust-lang/crates.io-index"
checksum = "133fc8675ee3a4ec9aa513584deda9aa0faeda3586b87f7f0f2ba082c66fb172"
dependencies = [
 "clipboard-win",
 "objc",
 "objc-foundation",
 "objc_id",
 "smithay-clipboard",
 "x11-clipboard",
]

[[package]]
name = "copypasta-ext"
version = "0.4.4"
source = "registry+https://github.com/rust-lang/crates.io-index"
checksum = "9455f470ea0c7d50c3fe3d22389c3a482f38a9f5fbab1c8ee368121356c56718"
dependencies = [
 "copypasta",
 "libc",
 "which",
 "x11-clipboard",
]

[[package]]
name = "crc32fast"
version = "1.3.2"
source = "registry+https://github.com/rust-lang/crates.io-index"
checksum = "b540bd8bc810d3885c6ea91e2018302f68baba2129ab3e88f32389ee9370880d"
dependencies = [
 "cfg-if",
]

[[package]]
name = "crossbeam-channel"
version = "0.5.6"
source = "registry+https://github.com/rust-lang/crates.io-index"
checksum = "c2dd04ddaf88237dc3b8d8f9a3c1004b506b54b3313403944054d23c0870c521"
dependencies = [
 "cfg-if",
 "crossbeam-utils",
]

[[package]]
name = "crossbeam-deque"
version = "0.8.2"
source = "registry+https://github.com/rust-lang/crates.io-index"
checksum = "715e8152b692bba2d374b53d4875445368fdf21a94751410af607a5ac677d1fc"
dependencies = [
 "cfg-if",
 "crossbeam-epoch",
 "crossbeam-utils",
]

[[package]]
name = "crossbeam-epoch"
version = "0.9.13"
source = "registry+https://github.com/rust-lang/crates.io-index"
checksum = "01a9af1f4c2ef74bb8aa1f7e19706bc72d03598c8a570bb5de72243c7a9d9d5a"
dependencies = [
 "autocfg",
 "cfg-if",
 "crossbeam-utils",
 "memoffset 0.7.1",
 "scopeguard",
]

[[package]]
name = "crossbeam-utils"
version = "0.8.14"
source = "registry+https://github.com/rust-lang/crates.io-index"
checksum = "4fb766fa798726286dbbb842f174001dab8abc7b627a1dd86e0b7222a95d929f"
dependencies = [
 "cfg-if",
]

[[package]]
name = "dirs-next"
version = "2.0.0"
source = "registry+https://github.com/rust-lang/crates.io-index"
checksum = "b98cf8ebf19c3d1b223e151f99a4f9f0690dca41414773390fc824184ac833e1"
dependencies = [
 "cfg-if",
 "dirs-sys-next",
]

[[package]]
name = "dirs-sys-next"
version = "0.1.2"
source = "registry+https://github.com/rust-lang/crates.io-index"
checksum = "4ebda144c4fe02d1f7ea1a7d9641b6fc6b580adcfa024ae48797ecdeb6825b4d"
dependencies = [
 "libc",
 "redox_users",
 "winapi",
]

[[package]]
name = "dlib"
version = "0.5.0"
source = "registry+https://github.com/rust-lang/crates.io-index"
checksum = "ac1b7517328c04c2aa68422fc60a41b92208182142ed04a25879c26c8f878794"
dependencies = [
 "libloading",
]

[[package]]
name = "dlv-list"
version = "0.3.0"
source = "registry+https://github.com/rust-lang/crates.io-index"
checksum = "0688c2a7f92e427f44895cd63841bff7b29f8d7a1648b9e7e07a4a365b2e1257"

[[package]]
name = "downcast-rs"
version = "1.2.0"
source = "registry+https://github.com/rust-lang/crates.io-index"
checksum = "9ea835d29036a4087793836fa931b08837ad5e957da9e23886b29586fb9b6650"

[[package]]
name = "either"
version = "1.8.1"
source = "registry+https://github.com/rust-lang/crates.io-index"
checksum = "7fcaabb2fef8c910e7f4c7ce9f67a1283a1715879a7c230ca9d6d1ae31f16d91"

[[package]]
name = "enum-as-inner"
version = "0.5.1"
source = "registry+https://github.com/rust-lang/crates.io-index"
checksum = "c9720bba047d567ffc8a3cba48bf19126600e249ab7f128e9233e6376976a116"
dependencies = [
 "heck",
 "proc-macro2",
 "quote",
 "syn 1.0.107",
]

[[package]]
name = "flate2"
version = "1.0.25"
source = "registry+https://github.com/rust-lang/crates.io-index"
checksum = "a8a2db397cb1c8772f31494cb8917e48cd1e64f0fa7efac59fbd741a0a8ce841"
dependencies = [
 "crc32fast",
 "miniz_oxide",
]

[[package]]
name = "fnv"
version = "1.0.7"
source = "registry+https://github.com/rust-lang/crates.io-index"
checksum = "3f9eec918d3f24069decb9af1554cad7c880e2da24a9afd88aca000531ab82c1"

[[package]]
name = "gethostname"
version = "0.2.3"
source = "registry+https://github.com/rust-lang/crates.io-index"
checksum = "c1ebd34e35c46e00bb73e81363248d627782724609fe1b6396f553f68fe3862e"
dependencies = [
 "libc",
 "winapi",
]

[[package]]
name = "getopts"
version = "0.2.21"
source = "registry+https://github.com/rust-lang/crates.io-index"
checksum = "14dbbfd5c71d70241ecf9e6f13737f7b5ce823821063188d7e46c41d371eebd5"
dependencies = [
 "unicode-width",
]

[[package]]
name = "getrandom"
version = "0.2.8"
source = "registry+https://github.com/rust-lang/crates.io-index"
checksum = "c05aeb6a22b8f62540c194aac980f2115af067bfe15a0734d7277a768d396b31"
dependencies = [
 "cfg-if",
 "libc",
 "wasi",
]

[[package]]
name = "globset"
version = "0.4.10"
source = "registry+https://github.com/rust-lang/crates.io-index"
checksum = "029d74589adefde59de1a0c4f4732695c32805624aec7b68d91503d4dba79afc"
dependencies = [
 "aho-corasick",
 "bstr",
 "fnv",
 "log",
 "regex",
]

[[package]]
name = "globwalk"
version = "0.8.1"
source = "registry+https://github.com/rust-lang/crates.io-index"
checksum = "93e3af942408868f6934a7b85134a3230832b9977cf66125df2f9edcfce4ddcc"
dependencies = [
 "bitflags",
 "ignore",
 "walkdir",
]

[[package]]
name = "hashbrown"
version = "0.12.3"
source = "registry+https://github.com/rust-lang/crates.io-index"
checksum = "8a9ee70c43aaf417c914396645a0fa852624801b24ebb7ae78fe8272889ac888"
dependencies = [
 "ahash",
]

[[package]]
name = "heck"
version = "0.4.0"
source = "registry+https://github.com/rust-lang/crates.io-index"
checksum = "2540771e65fc8cb83cd6e8a237f70c319bd5c29f78ed1084ba5d50eeac86f7f9"

[[package]]
name = "hermit-abi"
version = "0.1.19"
source = "registry+https://github.com/rust-lang/crates.io-index"
checksum = "62b467343b94ba476dcb2500d242dadbb39557df889310ac77c5d99100aaac33"
dependencies = [
 "libc",
]

[[package]]
name = "hermit-abi"
version = "0.2.6"
source = "registry+https://github.com/rust-lang/crates.io-index"
checksum = "ee512640fe35acbfb4bb779db6f0d80704c2cacfa2e39b601ef3e3f47d1ae4c7"
dependencies = [
 "libc",
]

[[package]]
name = "ignore"
version = "0.4.20"
source = "registry+https://github.com/rust-lang/crates.io-index"
checksum = "dbe7873dab538a9a44ad79ede1faf5f30d49f9a5c883ddbab48bce81b64b7492"
dependencies = [
 "globset",
 "lazy_static",
 "log",
 "memchr",
 "regex",
 "same-file",
 "thread_local",
 "walkdir",
 "winapi-util",
]

[[package]]
name = "itoa"
version = "1.0.5"
source = "registry+https://github.com/rust-lang/crates.io-index"
checksum = "fad582f4b9e86b6caa621cabeb0963332d92eea04729ab12892c2533951e6440"

[[package]]
name = "lazy-bytes-cast"
version = "5.0.1"
source = "registry+https://github.com/rust-lang/crates.io-index"
checksum = "10257499f089cd156ad82d0a9cd57d9501fa2c989068992a97eb3c27836f206b"

[[package]]
name = "lazy_static"
version = "1.4.0"
source = "registry+https://github.com/rust-lang/crates.io-index"
checksum = "e2abad23fbc42b3700f2f279844dc832adb2b2eb069b2df918f455c4e18cc646"

[[package]]
name = "libc"
version = "0.2.139"
source = "registry+https://github.com/rust-lang/crates.io-index"
checksum = "201de327520df007757c1f0adce6e827fe8562fbc28bfd9c15571c66ca1f5f79"

[[package]]
name = "libloading"
version = "0.7.4"
source = "registry+https://github.com/rust-lang/crates.io-index"
checksum = "b67380fd3b2fbe7527a606e18729d21c6f3951633d0500574c4dc22d2d638b9f"
dependencies = [
 "cfg-if",
 "winapi",
]

[[package]]
name = "log"
version = "0.4.17"
source = "registry+https://github.com/rust-lang/crates.io-index"
checksum = "abb12e687cfb44aa40f41fc3978ef76448f9b6038cad6aef4259d3c095a2382e"
dependencies = [
 "cfg-if",
]

[[package]]
name = "malloc_buf"
version = "0.0.6"
source = "registry+https://github.com/rust-lang/crates.io-index"
checksum = "62bb907fe88d54d8d9ce32a3cceab4218ed2f6b7d35617cafe9adf84e43919cb"
dependencies = [
 "libc",
]

[[package]]
name = "memchr"
version = "2.5.0"
source = "registry+https://github.com/rust-lang/crates.io-index"
checksum = "2dffe52ecf27772e601905b7522cb4ef790d2cc203488bbd0e2fe85fcb74566d"

[[package]]
name = "memmap2"
version = "0.5.8"
source = "registry+https://github.com/rust-lang/crates.io-index"
checksum = "4b182332558b18d807c4ce1ca8ca983b34c3ee32765e47b3f0f69b90355cc1dc"
dependencies = [
 "libc",
]

[[package]]
name = "memoffset"
version = "0.6.5"
source = "registry+https://github.com/rust-lang/crates.io-index"
checksum = "5aa361d4faea93603064a027415f07bd8e1d5c88c9fbf68bf56a285428fd79ce"
dependencies = [
 "autocfg",
]

[[package]]
name = "memoffset"
version = "0.7.1"
source = "registry+https://github.com/rust-lang/crates.io-index"
checksum = "5de893c32cde5f383baa4c04c5d6dbdd735cfd4a794b0debdb2bb1b421da5ff4"
dependencies = [
 "autocfg",
]

[[package]]
name = "minimal-lexical"
version = "0.2.1"
source = "registry+https://github.com/rust-lang/crates.io-index"
checksum = "68354c5c6bd36d73ff3feceb05efa59b6acb7626617f4962be322a825e61f79a"

[[package]]
name = "miniz_oxide"
version = "0.6.2"
source = "registry+https://github.com/rust-lang/crates.io-index"
checksum = "b275950c28b37e794e8c55d88aeb5e139d0ce23fdbbeda68f8d7174abdf9e8fa"
dependencies = [
 "adler",
]

[[package]]
name = "nix"
version = "0.24.3"
source = "registry+https://github.com/rust-lang/crates.io-index"
checksum = "fa52e972a9a719cecb6864fb88568781eb706bac2cd1d4f04a648542dbf78069"
dependencies = [
 "bitflags",
 "cfg-if",
 "libc",
 "memoffset 0.6.5",
]

[[package]]
name = "nom"
version = "7.1.3"
source = "registry+https://github.com/rust-lang/crates.io-index"
checksum = "d273983c5a657a70a3e8f2a01329822f3b8c8172b73826411a55751e404a0a4a"
dependencies = [
 "memchr",
 "minimal-lexical",
]

[[package]]
name = "num_cpus"
version = "1.15.0"
source = "registry+https://github.com/rust-lang/crates.io-index"
checksum = "0fac9e2da13b5eb447a6ce3d392f23a29d8694bff781bf03a16cd9ac8697593b"
dependencies = [
 "hermit-abi 0.2.6",
 "libc",
]

[[package]]
name = "numtoa"
version = "0.1.0"
source = "registry+https://github.com/rust-lang/crates.io-index"
checksum = "b8f8bdf33df195859076e54ab11ee78a1b208382d3a26ec40d142ffc1ecc49ef"

[[package]]
name = "objc"
version = "0.2.7"
source = "registry+https://github.com/rust-lang/crates.io-index"
checksum = "915b1b472bc21c53464d6c8461c9d3af805ba1ef837e1cac254428f4a77177b1"
dependencies = [
 "malloc_buf",
]

[[package]]
name = "objc-foundation"
version = "0.1.1"
source = "registry+https://github.com/rust-lang/crates.io-index"
checksum = "1add1b659e36c9607c7aab864a76c7a4c2760cd0cd2e120f3fb8b952c7e22bf9"
dependencies = [
 "block",
 "objc",
 "objc_id",
]

[[package]]
name = "objc_id"
version = "0.1.1"
source = "registry+https://github.com/rust-lang/crates.io-index"
checksum = "c92d4ddb4bd7b50d730c215ff871754d0da6b2178849f8a2a2ab69712d0c073b"
dependencies = [
 "objc",
]

[[package]]
name = "once_cell"
version = "1.17.0"
source = "registry+https://github.com/rust-lang/crates.io-index"
checksum = "6f61fba1741ea2b3d6a1e3178721804bb716a68a6aeba1149b5d52e3d464ea66"

[[package]]
name = "ordered-multimap"
version = "0.4.3"
source = "registry+https://github.com/rust-lang/crates.io-index"
checksum = "ccd746e37177e1711c20dd619a1620f34f5c8b569c53590a72dedd5344d8924a"
dependencies = [
 "dlv-list",
 "hashbrown",
]

[[package]]
name = "parseit"
version = "0.1.2"
source = "registry+https://github.com/rust-lang/crates.io-index"
checksum = "6d8f3e34b613160ce92ccc5c48ddac0949bf9d8269e81a8218788906fcff20df"
dependencies = [
 "flate2",
 "globwalk",
 "regex",
 "thiserror",
]

[[package]]
name = "pkg-config"
version = "0.3.26"
source = "registry+https://github.com/rust-lang/crates.io-index"
checksum = "6ac9a59f73473f1b8d852421e59e64809f025994837ef743615c6d0c5b305160"

[[package]]
name = "proc-macro2"
version = "1.0.52"
source = "registry+https://github.com/rust-lang/crates.io-index"
checksum = "1d0e1ae9e836cc3beddd63db0df682593d7e2d3d891ae8c9083d2113e1744224"
dependencies = [
 "unicode-ident",
]

[[package]]
name = "quote"
version = "1.0.26"
source = "registry+https://github.com/rust-lang/crates.io-index"
checksum = "4424af4bf778aae2051a77b60283332f386554255d722233d09fbfc7e30da2fc"
dependencies = [
 "proc-macro2",
]

[[package]]
name = "ratatui"
version = "0.20.1"
source = "registry+https://github.com/rust-lang/crates.io-index"
checksum = "dcc0d032bccba900ee32151ec0265667535c230169f5a011154cdcd984e16829"
dependencies = [
 "bitflags",
 "cassowary",
 "termion",
 "unicode-segmentation",
 "unicode-width",
]

[[package]]
name = "rayon"
version = "1.7.0"
source = "registry+https://github.com/rust-lang/crates.io-index"
checksum = "1d2df5196e37bcc87abebc0053e20787d73847bb33134a69841207dd0a47f03b"
dependencies = [
 "either",
 "rayon-core",
]

[[package]]
name = "rayon-core"
version = "1.11.0"
source = "registry+https://github.com/rust-lang/crates.io-index"
checksum = "4b8f95bd6966f5c87776639160a66bd8ab9895d9d4ab01ddba9fc60661aebe8d"
dependencies = [
 "crossbeam-channel",
 "crossbeam-deque",
 "crossbeam-utils",
 "num_cpus",
]

[[package]]
name = "redox_syscall"
version = "0.2.16"
source = "registry+https://github.com/rust-lang/crates.io-index"
checksum = "fb5a58c1855b4b6819d59012155603f0b22ad30cad752600aadfcb695265519a"
dependencies = [
 "bitflags",
]

[[package]]
name = "redox_termios"
version = "0.1.2"
source = "registry+https://github.com/rust-lang/crates.io-index"
checksum = "8440d8acb4fd3d277125b4bd01a6f38aee8d814b3b5fc09b3f2b825d37d3fe8f"
dependencies = [
 "redox_syscall",
]

[[package]]
name = "redox_users"
version = "0.4.3"
source = "registry+https://github.com/rust-lang/crates.io-index"
checksum = "b033d837a7cf162d7993aded9304e30a83213c648b6e389db233191f891e5c2b"
dependencies = [
 "getrandom",
 "redox_syscall",
 "thiserror",
]

[[package]]
name = "regex"
version = "1.7.1"
source = "registry+https://github.com/rust-lang/crates.io-index"
checksum = "48aaa5748ba571fb95cd2c85c09f629215d3a6ece942baa100950af03a34f733"
dependencies = [
 "aho-corasick",
 "memchr",
 "regex-syntax",
]

[[package]]
name = "regex-syntax"
version = "0.6.28"
source = "registry+https://github.com/rust-lang/crates.io-index"
checksum = "456c603be3e8d448b072f410900c09faf164fbce2d480456f50eea6e25f9c848"

[[package]]
name = "rust-ini"
version = "0.18.0"
source = "registry+https://github.com/rust-lang/crates.io-index"
checksum = "f6d5f2436026b4f6e79dc829837d467cc7e9a55ee40e750d716713540715a2df"
dependencies = [
 "cfg-if",
 "ordered-multimap",
]

[[package]]
name = "ryu"
version = "1.0.12"
source = "registry+https://github.com/rust-lang/crates.io-index"
checksum = "7b4b9743ed687d4b4bcedf9ff5eaa7398495ae14e61cba0a295704edbc7decde"

[[package]]
name = "same-file"
version = "1.0.6"
source = "registry+https://github.com/rust-lang/crates.io-index"
checksum = "93fc1dc3aaa9bfed95e02e6eadabb4baf7e3078b0bd1b4d7b6b0b68378900502"
dependencies = [
 "winapi-util",
]

[[package]]
name = "scoped-tls"
version = "1.0.1"
source = "registry+https://github.com/rust-lang/crates.io-index"
checksum = "e1cf6437eb19a8f4a6cc0f7dca544973b0b78843adbfeb3683d1a94a0024a294"

[[package]]
name = "scopeguard"
version = "1.1.0"
source = "registry+https://github.com/rust-lang/crates.io-index"
checksum = "d29ab0c6d3fc0ee92fe66e2d99f700eab17a8d57d1c1d3b748380fb20baa78cd"

[[package]]
name = "serde"
version = "1.0.159"
source = "registry+https://github.com/rust-lang/crates.io-index"
checksum = "3c04e8343c3daeec41f58990b9d77068df31209f2af111e059e9fe9646693065"
dependencies = [
 "serde_derive",
]

[[package]]
name = "serde_derive"
version = "1.0.159"
source = "registry+https://github.com/rust-lang/crates.io-index"
checksum = "4c614d17805b093df4b147b51339e7e44bf05ef59fba1e45d83500bcfb4d8585"
dependencies = [
 "proc-macro2",
 "quote",
 "syn 2.0.3",
]

[[package]]
name = "serde_json"
version = "1.0.95"
source = "registry+https://github.com/rust-lang/crates.io-index"
checksum = "d721eca97ac802aa7777b701877c8004d950fc142651367300d21c1cc0194744"
dependencies = [
 "itoa",
 "ryu",
 "serde",
]

[[package]]
name = "smallvec"
version = "1.10.0"
source = "registry+https://github.com/rust-lang/crates.io-index"
checksum = "a507befe795404456341dfab10cef66ead4c041f62b8b11bbb92bffe5d0953e0"

[[package]]
name = "smithay-client-toolkit"
version = "0.16.0"
source = "registry+https://github.com/rust-lang/crates.io-index"
checksum = "f307c47d32d2715eb2e0ece5589057820e0e5e70d07c247d1063e844e107f454"
dependencies = [
 "bitflags",
 "dlib",
 "lazy_static",
 "log",
 "memmap2",
 "nix",
 "pkg-config",
 "wayland-client",
 "wayland-cursor",
 "wayland-protocols",
]

[[package]]
name = "smithay-clipboard"
version = "0.6.6"
source = "registry+https://github.com/rust-lang/crates.io-index"
checksum = "0a345c870a1fae0b1b779085e81b51e614767c239e93503588e54c5b17f4b0e8"
dependencies = [
 "smithay-client-toolkit",
 "wayland-client",
]

[[package]]
name = "syn"
version = "1.0.107"
source = "registry+https://github.com/rust-lang/crates.io-index"
checksum = "1f4064b5b16e03ae50984a5a8ed5d4f8803e6bc1fd170a3cda91a1be4b18e3f5"
dependencies = [
 "proc-macro2",
 "quote",
 "unicode-ident",
]

[[package]]
name = "syn"
version = "2.0.3"
source = "registry+https://github.com/rust-lang/crates.io-index"
checksum = "e8234ae35e70582bfa0f1fedffa6daa248e41dd045310b19800c4a36382c8f60"
dependencies = [
 "proc-macro2",
 "quote",
 "unicode-ident",
]

[[package]]
name = "sysctl"
version = "0.5.4"
source = "registry+https://github.com/rust-lang/crates.io-index"
checksum = "ed66d6a2ccbd656659289bc90767895b7abbdec897a0fc6031aca3ed1cb51d3e"
dependencies = [
 "bitflags",
 "byteorder",
 "enum-as-inner",
 "libc",
 "thiserror",
 "walkdir",
]

[[package]]
name = "systeroid"
version = "0.3.1"
dependencies = [
 "getopts",
 "parseit",
 "systeroid-core",
]

[[package]]
name = "systeroid-core"
version = "0.3.1"
dependencies = [
 "colored",
 "dirs-next",
 "lazy_static",
 "parseit",
 "rayon",
 "rust-ini",
 "serde",
 "serde_json",
 "sysctl",
 "thiserror",
]

[[package]]
name = "systeroid-tui"
version = "0.3.1"
dependencies = [
 "colorsys",
 "copypasta-ext",
 "getopts",
 "ratatui",
 "systeroid-core",
 "termion",
 "thiserror",
 "unicode-width",
]

[[package]]
name = "termion"
version = "2.0.1"
source = "registry+https://github.com/rust-lang/crates.io-index"
checksum = "659c1f379f3408c7e5e84c7d0da6d93404e3800b6b9d063ba24436419302ec90"
dependencies = [
 "libc",
 "numtoa",
 "redox_syscall",
 "redox_termios",
]

[[package]]
name = "thiserror"
version = "1.0.40"
source = "registry+https://github.com/rust-lang/crates.io-index"
checksum = "978c9a314bd8dc99be594bc3c175faaa9794be04a5a5e153caba6915336cebac"
dependencies = [
 "thiserror-impl",
]

[[package]]
name = "thiserror-impl"
version = "1.0.40"
source = "registry+https://github.com/rust-lang/crates.io-index"
checksum = "f9456a42c5b0d803c8cd86e73dd7cc9edd429499f37a3550d286d5e86720569f"
dependencies = [
 "proc-macro2",
 "quote",
 "syn 2.0.3",
]

[[package]]
name = "thread_local"
version = "1.1.4"
source = "registry+https://github.com/rust-lang/crates.io-index"
checksum = "5516c27b78311c50bf42c071425c560ac799b11c30b31f87e3081965fe5e0180"
dependencies = [
 "once_cell",
]

[[package]]
name = "unicode-ident"
version = "1.0.6"
source = "registry+https://github.com/rust-lang/crates.io-index"
checksum = "84a22b9f218b40614adcb3f4ff08b703773ad44fa9423e4e0d346d5db86e4ebc"

[[package]]
name = "unicode-segmentation"
version = "1.10.0"
source = "registry+https://github.com/rust-lang/crates.io-index"
checksum = "0fdbf052a0783de01e944a6ce7a8cb939e295b1e7be835a1112c3b9a7f047a5a"

[[package]]
name = "unicode-width"
version = "0.1.10"
source = "registry+https://github.com/rust-lang/crates.io-index"
checksum = "c0edd1e5b14653f783770bce4a4dabb4a5108a5370a5f5d8cfe8710c361f6c8b"

[[package]]
name = "version_check"
version = "0.9.4"
source = "registry+https://github.com/rust-lang/crates.io-index"
checksum = "49874b5167b65d7193b8aba1567f5c7d93d001cafc34600cee003eda787e483f"

[[package]]
name = "walkdir"
version = "2.3.2"
source = "registry+https://github.com/rust-lang/crates.io-index"
checksum = "808cf2735cd4b6866113f648b791c6adc5714537bc222d9347bb203386ffda56"
dependencies = [
 "same-file",
 "winapi",
 "winapi-util",
]

[[package]]
name = "wasi"
version = "0.11.0+wasi-snapshot-preview1"
source = "registry+https://github.com/rust-lang/crates.io-index"
checksum = "9c8d87e72b64a3b4db28d11ce29237c246188f4f51057d65a7eab63b7987e423"

[[package]]
name = "wayland-client"
version = "0.29.5"
source = "registry+https://github.com/rust-lang/crates.io-index"
checksum = "3f3b068c05a039c9f755f881dc50f01732214f5685e379829759088967c46715"
dependencies = [
 "bitflags",
 "downcast-rs",
 "libc",
 "nix",
 "scoped-tls",
 "wayland-commons",
 "wayland-scanner",
 "wayland-sys",
]

[[package]]
name = "wayland-commons"
version = "0.29.5"
source = "registry+https://github.com/rust-lang/crates.io-index"
checksum = "8691f134d584a33a6606d9d717b95c4fa20065605f798a3f350d78dced02a902"
dependencies = [
 "nix",
 "once_cell",
 "smallvec",
 "wayland-sys",
]

[[package]]
name = "wayland-cursor"
version = "0.29.5"
source = "registry+https://github.com/rust-lang/crates.io-index"
checksum = "6865c6b66f13d6257bef1cd40cbfe8ef2f150fb8ebbdb1e8e873455931377661"
dependencies = [
 "nix",
 "wayland-client",
 "xcursor",
]

[[package]]
name = "wayland-protocols"
version = "0.29.5"
source = "registry+https://github.com/rust-lang/crates.io-index"
checksum = "b950621f9354b322ee817a23474e479b34be96c2e909c14f7bc0100e9a970bc6"
dependencies = [
 "bitflags",
 "wayland-client",
 "wayland-commons",
 "wayland-scanner",
]

[[package]]
name = "wayland-scanner"
version = "0.29.5"
source = "registry+https://github.com/rust-lang/crates.io-index"
checksum = "8f4303d8fa22ab852f789e75a967f0a2cdc430a607751c0499bada3e451cbd53"
dependencies = [
 "proc-macro2",
 "quote",
 "xml-rs",
]

[[package]]
name = "wayland-sys"
version = "0.29.5"
source = "registry+https://github.com/rust-lang/crates.io-index"
checksum = "be12ce1a3c39ec7dba25594b97b42cb3195d54953ddb9d3d95a7c3902bc6e9d4"
dependencies = [
 "dlib",
 "lazy_static",
 "pkg-config",
]

[[package]]
name = "which"
version = "4.4.0"
source = "registry+https://github.com/rust-lang/crates.io-index"
checksum = "2441c784c52b289a054b7201fc93253e288f094e2f4be9058343127c4226a269"
dependencies = [
 "either",
 "libc",
 "once_cell",
]

[[package]]
name = "winapi"
version = "0.3.9"
source = "registry+https://github.com/rust-lang/crates.io-index"
checksum = "5c839a674fcd7a98952e593242ea400abe93992746761e38641405d28b00f419"
dependencies = [
 "winapi-i686-pc-windows-gnu",
 "winapi-x86_64-pc-windows-gnu",
]

[[package]]
name = "winapi-i686-pc-windows-gnu"
version = "0.4.0"
source = "registry+https://github.com/rust-lang/crates.io-index"
checksum = "ac3b87c63620426dd9b991e5ce0329eff545bccbbb34f3be09ff6fb6ab51b7b6"

[[package]]
name = "winapi-util"
version = "0.1.5"
source = "registry+https://github.com/rust-lang/crates.io-index"
checksum = "70ec6ce85bb158151cae5e5c87f95a8e97d2c0c4b001223f33a334e3ce5de178"
dependencies = [
 "winapi",
]

[[package]]
name = "winapi-wsapoll"
version = "0.1.1"
source = "registry+https://github.com/rust-lang/crates.io-index"
checksum = "44c17110f57155602a80dca10be03852116403c9ff3cd25b079d666f2aa3df6e"
dependencies = [
 "winapi",
]

[[package]]
name = "winapi-x86_64-pc-windows-gnu"
version = "0.4.0"
source = "registry+https://github.com/rust-lang/crates.io-index"
checksum = "712e227841d057c1ee1cd2fb22fa7e5a5461ae8e48fa2ca79ec42cfc1931183f"

[[package]]
name = "x11-clipboard"
version = "0.7.0"
source = "registry+https://github.com/rust-lang/crates.io-index"
checksum = "0827f86aa910c4e73329a4f619deabe88ebb4b042370bf023c2d5d8b4eb54695"
dependencies = [
 "x11rb",
]

[[package]]
name = "x11rb"
version = "0.10.1"
source = "registry+https://github.com/rust-lang/crates.io-index"
checksum = "592b4883219f345e712b3209c62654ebda0bb50887f330cbd018d0f654bfd507"
dependencies = [
 "gethostname",
 "nix",
 "winapi",
 "winapi-wsapoll",
 "x11rb-protocol",
]

[[package]]
name = "x11rb-protocol"
version = "0.10.0"
source = "registry+https://github.com/rust-lang/crates.io-index"
checksum = "56b245751c0ac9db0e006dc812031482784e434630205a93c73cfefcaabeac67"
dependencies = [
 "nix",
]

[[package]]
name = "xcursor"
version = "0.3.4"
source = "registry+https://github.com/rust-lang/crates.io-index"
checksum = "463705a63313cd4301184381c5e8042f0a7e9b4bb63653f216311d4ae74690b7"
dependencies = [
 "nom",
]

[[package]]
name = "xml-rs"
version = "0.8.4"
source = "registry+https://github.com/rust-lang/crates.io-index"
checksum = "d2d7d3948613f75c98fd9328cfdcc45acc4d360655289d0a7d4ec931392200a3"
